
Microsoft Visual Studio Solution File, Format Version 12.00
# Visual Studio 15
VisualStudioVersion = 15.0.27004.2002
MinimumVisualStudioVersion = 10.0.40219.1
Project("{FAE04EC0-301F-11D3-BF4B-00C04F79EFBC}") = "ForTOKB_1", "ForTOKB_1\ForTOKB_1.csproj", "{873BBA59-09BD-4306-ABB3-F50A7CFBF708}"
EndProject
Global
	GlobalSection(SolutionConfigurationPlatforms) = preSolution
		Debug|Any CPU = Debug|Any CPU
		Release|Any CPU = Release|Any CPU
	EndGlobalSection
	GlobalSection(ProjectConfigurationPlatforms) = postSolution
		{873BBA59-09BD-4306-ABB3-F50A7CFBF708}.Debug|Any CPU.ActiveCfg = Debug|Any CPU
		{873BBA59-09BD-4306-ABB3-F50A7CFBF708}.Debug|Any CPU.Build.0 = Debug|Any CPU
		{873BBA59-09BD-4306-ABB3-F50A7CFBF708}.Release|Any CPU.ActiveCfg = Release|Any CPU
		{873BBA59-09BD-4306-ABB3-F50A7CFBF708}.Release|Any CPU.Build.0 = Release|Any CPU
	EndGlobalSection
	GlobalSection(SolutionProperties) = preSolution
		HideSolutionNode = FALSE
	EndGlobalSection
	GlobalSection(ExtensibilityGlobals) = postSolution
		SolutionGuid = {C5420B84-B904-415C-B3F9-E9E140B4FB02}
	EndGlobalSection
EndGlobal
